// !$*UTF8*$!
{
	archiveVersion = 1;
	classes = {
	};
	objectVersion = 46;
	objects = {

/* Begin PBXBuildFile section */
		5A0F6AC714FBD48A00D45EA4 /* UIKit.framework in Frameworks */ = {isa = PBXBuildFile; fileRef = 5A0F6AC614FBD48A00D45EA4 /* UIKit.framework */; };
		5A0F6AC914FBD48A00D45EA4 /* Foundation.framework in Frameworks */ = {isa = PBXBuildFile; fileRef = 5A0F6AC814FBD48A00D45EA4 /* Foundation.framework */; };
		5A0F6ACB14FBD48A00D45EA4 /* CoreGraphics.framework in Frameworks */ = {isa = PBXBuildFile; fileRef = 5A0F6ACA14FBD48A00D45EA4 /* CoreGraphics.framework */; };
		5A0F6ACD14FBD48A00D45EA4 /* CoreData.framework in Frameworks */ = {isa = PBXBuildFile; fileRef = 5A0F6ACC14FBD48A00D45EA4 /* CoreData.framework */; };
		5A0F6AD314FBD48B00D45EA4 /* InfoPlist.strings in Resources */ = {isa = PBXBuildFile; fileRef = 5A0F6AD114FBD48B00D45EA4 /* InfoPlist.strings */; };
		5A0F6AD514FBD48B00D45EA4 /* main.m in Sources */ = {isa = PBXBuildFile; fileRef = 5A0F6AD414FBD48B00D45EA4 /* main.m */; };
		5A0F6AD914FBD48B00D45EA4 /* AppDelegate.m in Sources */ = {isa = PBXBuildFile; fileRef = 5A0F6AD814FBD48B00D45EA4 /* AppDelegate.m */; };
		5A0F6ADC14FBD48B00D45EA4 /* MainStoryboard.storyboard in Resources */ = {isa = PBXBuildFile; fileRef = 5A0F6ADA14FBD48B00D45EA4 /* MainStoryboard.storyboard */; };
		5A0F6ADF14FBD48B00D45EA4 /* Sono.xcdatamodeld in Sources */ = {isa = PBXBuildFile; fileRef = 5A0F6ADD14FBD48B00D45EA4 /* Sono.xcdatamodeld */; };
		5A0F6AE214FBD48B00D45EA4 /* MasterViewController.m in Sources */ = {isa = PBXBuildFile; fileRef = 5A0F6AE114FBD48B00D45EA4 /* MasterViewController.m */; };
		5A0F6AE514FBD48B00D45EA4 /* DetailViewController.m in Sources */ = {isa = PBXBuildFile; fileRef = 5A0F6AE414FBD48B00D45EA4 /* DetailViewController.m */; };
		5A389F4A14FCBBBA001F7C04 /* RoundedView.m in Sources */ = {isa = PBXBuildFile; fileRef = 5A389F4914FCBBBA001F7C04 /* RoundedView.m */; };
		5A389F5614FCCE26001F7C04 /* DropdownButton.m in Sources */ = {isa = PBXBuildFile; fileRef = 5A389F5514FCCE26001F7C04 /* DropdownButton.m */; };
		5A389F5A14FCDE15001F7C04 /* Constants.m in Sources */ = {isa = PBXBuildFile; fileRef = 5A389F5914FCDE15001F7C04 /* Constants.m */; };
		5A629D901500E0B400939DD0 /* SenTestingKit.framework in Frameworks */ = {isa = PBXBuildFile; fileRef = 5A629D8F1500E0B400939DD0 /* SenTestingKit.framework */; };
		5A629D911500E0B400939DD0 /* UIKit.framework in Frameworks */ = {isa = PBXBuildFile; fileRef = 5A0F6AC614FBD48A00D45EA4 /* UIKit.framework */; };
		5A629D921500E0B400939DD0 /* Foundation.framework in Frameworks */ = {isa = PBXBuildFile; fileRef = 5A0F6AC814FBD48A00D45EA4 /* Foundation.framework */; };
		5A629D981500E0B400939DD0 /* InfoPlist.strings in Resources */ = {isa = PBXBuildFile; fileRef = 5A629D961500E0B400939DD0 /* InfoPlist.strings */; };
		5A629D9B1500E0B400939DD0 /* SonoTests.m in Sources */ = {isa = PBXBuildFile; fileRef = 5A629D9A1500E0B400939DD0 /* SonoTests.m */; };
		5A629DA41500E74300939DD0 /* CSVParser.m in Sources */ = {isa = PBXBuildFile; fileRef = 5A629DA31500E74300939DD0 /* CSVParser.m */; };
		5A629DA51500E75800939DD0 /* CSVParser.m in Sources */ = {isa = PBXBuildFile; fileRef = 5A629DA31500E74300939DD0 /* CSVParser.m */; };
		5A629DAA1500EDC300939DD0 /* lhfa_boys_p_exp.txt in Resources */ = {isa = PBXBuildFile; fileRef = 5A629DA61500EDC300939DD0 /* lhfa_boys_p_exp.txt */; };
		5A629DAB1500EDC300939DD0 /* lhfa_boys_p_exp.txt in Resources */ = {isa = PBXBuildFile; fileRef = 5A629DA61500EDC300939DD0 /* lhfa_boys_p_exp.txt */; };
		5A629DAC1500EDC300939DD0 /* lhfa_girls_p_exp.txt in Resources */ = {isa = PBXBuildFile; fileRef = 5A629DA71500EDC300939DD0 /* lhfa_girls_p_exp.txt */; };
		5A629DAD1500EDC300939DD0 /* lhfa_girls_p_exp.txt in Resources */ = {isa = PBXBuildFile; fileRef = 5A629DA71500EDC300939DD0 /* lhfa_girls_p_exp.txt */; };
		5A629DAE1500EDC300939DD0 /* wfa_boys_p_exp.txt in Resources */ = {isa = PBXBuildFile; fileRef = 5A629DA81500EDC300939DD0 /* wfa_boys_p_exp.txt */; };
		5A629DAF1500EDC300939DD0 /* wfa_boys_p_exp.txt in Resources */ = {isa = PBXBuildFile; fileRef = 5A629DA81500EDC300939DD0 /* wfa_boys_p_exp.txt */; };
		5A629DB01500EDC300939DD0 /* wfa_girls_p_exp.txt in Resources */ = {isa = PBXBuildFile; fileRef = 5A629DA91500EDC300939DD0 /* wfa_girls_p_exp.txt */; };
		5A629DB11500EDC300939DD0 /* wfa_girls_p_exp.txt in Resources */ = {isa = PBXBuildFile; fileRef = 5A629DA91500EDC300939DD0 /* wfa_girls_p_exp.txt */; };
		5A629E3A1504BB0600939DD0 /* libCorePlot-CocoaTouch.a in Frameworks */ = {isa = PBXBuildFile; fileRef = 5A629E391504BB0600939DD0 /* libCorePlot-CocoaTouch.a */; };
		5A629E401504C3D100939DD0 /* QuartzCore.framework in Frameworks */ = {isa = PBXBuildFile; fileRef = 5A629E3F1504C3D100939DD0 /* QuartzCore.framework */; };
		5A7E1D0314FCF40C00B93367 /* DataStore.m in Sources */ = {isa = PBXBuildFile; fileRef = 5A7E1D0214FCF40C00B93367 /* DataStore.m */; };
		5A7E1D1314FD217500B93367 /* Patient+Additions.m in Sources */ = {isa = PBXBuildFile; fileRef = 5A7E1D0E14FD196000B93367 /* Patient+Additions.m */; };
		5A7E1D1C14FD23B100B93367 /* Patient.m in Sources */ = {isa = PBXBuildFile; fileRef = 5A7E1D1B14FD23B100B93367 /* Patient.m */; };
		5A7E1D2014FE1D7A00B93367 /* ExaminationViewController.m in Sources */ = {isa = PBXBuildFile; fileRef = 5A7E1D1F14FE1D7A00B93367 /* ExaminationViewController.m */; };
		5A7E1D2814FE2D9600B93367 /* DatePopupController.xib in Resources */ = {isa = PBXBuildFile; fileRef = 5A7E1D2514FE2D9600B93367 /* DatePopupController.xib */; };
		5A7E1D2914FE2D9600B93367 /* DatePopupController.m in Sources */ = {isa = PBXBuildFile; fileRef = 5A7E1D2714FE2D9600B93367 /* DatePopupController.m */; };
		5A7E1D2C14FE310B00B93367 /* DateDropDown.m in Sources */ = {isa = PBXBuildFile; fileRef = 5A7E1D2B14FE310B00B93367 /* DateDropDown.m */; };
		5A7E1D5B14FE47B100B93367 /* Utils.m in Sources */ = {isa = PBXBuildFile; fileRef = 5A7E1D5A14FE47B000B93367 /* Utils.m */; };
		5A7E1DAE14FE59D500B93367 /* EditExaminationViewController.m in Sources */ = {isa = PBXBuildFile; fileRef = 5A7E1DAD14FE59D500B93367 /* EditExaminationViewController.m */; };
		5A7E1DB114FE5FE300B93367 /* Examination+Additions.m in Sources */ = {isa = PBXBuildFile; fileRef = 5A7E1DB014FE5FE300B93367 /* Examination+Additions.m */; };
		5A7E1DB414FE65F700B93367 /* Examination.m in Sources */ = {isa = PBXBuildFile; fileRef = 5A7E1DB314FE65F700B93367 /* Examination.m */; };
		5A7E1DEB14FFAB4300B93367 /* dropdown_button_pressed-150.png in Resources */ = {isa = PBXBuildFile; fileRef = 5A7E1DE914FFAB4300B93367 /* dropdown_button_pressed-150.png */; };
		5A7E1DEC14FFAB4300B93367 /* dropdown_button-150.png in Resources */ = {isa = PBXBuildFile; fileRef = 5A7E1DEA14FFAB4300B93367 /* dropdown_button-150.png */; };
		5A7E1DEF14FFAE0900B93367 /* dropdown_button_pressed-250.png in Resources */ = {isa = PBXBuildFile; fileRef = 5A7E1DED14FFAE0900B93367 /* dropdown_button_pressed-250.png */; };
		5A7E1DF014FFAE0900B93367 /* dropdown_button-250.png in Resources */ = {isa = PBXBuildFile; fileRef = 5A7E1DEE14FFAE0900B93367 /* dropdown_button-250.png */; };
		5A7E1DF314FFB39D00B93367 /* IntroViewController.m in Sources */ = {isa = PBXBuildFile; fileRef = 5A7E1DF214FFB39D00B93367 /* IntroViewController.m */; };
		5A7E1DF51500CB5E00B93367 /* app_icon-72.png in Resources */ = {isa = PBXBuildFile; fileRef = 5A7E1DF41500CB5E00B93367 /* app_icon-72.png */; };
		5A86033014FBF16300BD64E1 /* EditPatientViewController.m in Sources */ = {isa = PBXBuildFile; fileRef = 5A86032F14FBF16300BD64E1 /* EditPatientViewController.m */; };
		5AA21B191509FF5B007ED3A1 /* Image-15.jpeg in Resources */ = {isa = PBXBuildFile; fileRef = 5AA21B091509FF5B007ED3A1 /* Image-15.jpeg */; };
		5AA21B1A1509FF5B007ED3A1 /* Image-14.jpeg in Resources */ = {isa = PBXBuildFile; fileRef = 5AA21B0A1509FF5B007ED3A1 /* Image-14.jpeg */; };
		5AA21B1B1509FF5B007ED3A1 /* Image-13.jpeg in Resources */ = {isa = PBXBuildFile; fileRef = 5AA21B0B1509FF5B007ED3A1 /* Image-13.jpeg */; };
		5AA21B1C1509FF5B007ED3A1 /* Image-12.jpeg in Resources */ = {isa = PBXBuildFile; fileRef = 5AA21B0C1509FF5B007ED3A1 /* Image-12.jpeg */; };
		5AA21B1D1509FF5B007ED3A1 /* Image-11.jpeg in Resources */ = {isa = PBXBuildFile; fileRef = 5AA21B0D1509FF5B007ED3A1 /* Image-11.jpeg */; };
		5AA21B1E1509FF5B007ED3A1 /* Image-10.jpeg in Resources */ = {isa = PBXBuildFile; fileRef = 5AA21B0E1509FF5B007ED3A1 /* Image-10.jpeg */; };
		5AA21B1F1509FF5B007ED3A1 /* Image-9.jpeg in Resources */ = {isa = PBXBuildFile; fileRef = 5AA21B0F1509FF5B007ED3A1 /* Image-9.jpeg */; };
		5AA21B201509FF5B007ED3A1 /* Image-8.jpeg in Resources */ = {isa = PBXBuildFile; fileRef = 5AA21B101509FF5B007ED3A1 /* Image-8.jpeg */; };
		5AA21B211509FF5B007ED3A1 /* Image-7.jpeg in Resources */ = {isa = PBXBuildFile; fileRef = 5AA21B111509FF5B007ED3A1 /* Image-7.jpeg */; };
		5AA21B221509FF5B007ED3A1 /* Image-6.jpeg in Resources */ = {isa = PBXBuildFile; fileRef = 5AA21B121509FF5B007ED3A1 /* Image-6.jpeg */; };
		5AA21B231509FF5B007ED3A1 /* Image-5.jpeg in Resources */ = {isa = PBXBuildFile; fileRef = 5AA21B131509FF5B007ED3A1 /* Image-5.jpeg */; };
		5AA21B241509FF5B007ED3A1 /* Image-4.jpeg in Resources */ = {isa = PBXBuildFile; fileRef = 5AA21B141509FF5B007ED3A1 /* Image-4.jpeg */; };
		5AA21B251509FF5B007ED3A1 /* Image-3.jpeg in Resources */ = {isa = PBXBuildFile; fileRef = 5AA21B151509FF5B007ED3A1 /* Image-3.jpeg */; };
		5AA21B261509FF5B007ED3A1 /* Image-2.jpeg in Resources */ = {isa = PBXBuildFile; fileRef = 5AA21B161509FF5B007ED3A1 /* Image-2.jpeg */; };
		5AA21B271509FF5B007ED3A1 /* Image-1.jpeg in Resources */ = {isa = PBXBuildFile; fileRef = 5AA21B171509FF5B007ED3A1 /* Image-1.jpeg */; };
		5AA21B281509FF5B007ED3A1 /* Image-0.jpeg in Resources */ = {isa = PBXBuildFile; fileRef = 5AA21B181509FF5B007ED3A1 /* Image-0.jpeg */; };
		5AA21B2C150A0069007ED3A1 /* SonoImageViewController.m in Sources */ = {isa = PBXBuildFile; fileRef = 5AA21B2B150A0069007ED3A1 /* SonoImageViewController.m */; };
		5AA21B2F150A12AD007ED3A1 /* SingleSonoImageViewController.m in Sources */ = {isa = PBXBuildFile; fileRef = 5AA21B2E150A12AD007ED3A1 /* SingleSonoImageViewController.m */; };
		5AF8DBA4150743220036D62B /* Constants.m in Sources */ = {isa = PBXBuildFile; fileRef = 5A389F5914FCDE15001F7C04 /* Constants.m */; };
		5AFF0A4A15051D7D001B3615 /* WHOPlotViewController.m in Sources */ = {isa = PBXBuildFile; fileRef = 5AFF0A4915051D7D001B3615 /* WHOPlotViewController.m */; };
/* End PBXBuildFile section */

/* Begin PBXFileReference section */
		5A0F6AC214FBD48A00D45EA4 /* Sono.app */ = {isa = PBXFileReference; explicitFileType = wrapper.application; includeInIndex = 0; path = Sono.app; sourceTree = BUILT_PRODUCTS_DIR; };
		5A0F6AC614FBD48A00D45EA4 /* UIKit.framework */ = {isa = PBXFileReference; lastKnownFileType = wrapper.framework; name = UIKit.framework; path = System/Library/Frameworks/UIKit.framework; sourceTree = SDKROOT; };
		5A0F6AC814FBD48A00D45EA4 /* Foundation.framework */ = {isa = PBXFileReference; lastKnownFileType = wrapper.framework; name = Foundation.framework; path = System/Library/Frameworks/Foundation.framework; sourceTree = SDKROOT; };
		5A0F6ACA14FBD48A00D45EA4 /* CoreGraphics.framework */ = {isa = PBXFileReference; lastKnownFileType = wrapper.framework; name = CoreGraphics.framework; path = System/Library/Frameworks/CoreGraphics.framework; sourceTree = SDKROOT; };
		5A0F6ACC14FBD48A00D45EA4 /* CoreData.framework */ = {isa = PBXFileReference; lastKnownFileType = wrapper.framework; name = CoreData.framework; path = System/Library/Frameworks/CoreData.framework; sourceTree = SDKROOT; };
		5A0F6AD014FBD48B00D45EA4 /* Sono-Info.plist */ = {isa = PBXFileReference; lastKnownFileType = text.plist.xml; path = "Sono-Info.plist"; sourceTree = "<group>"; };
		5A0F6AD214FBD48B00D45EA4 /* en */ = {isa = PBXFileReference; lastKnownFileType = text.plist.strings; name = en; path = en.lproj/InfoPlist.strings; sourceTree = "<group>"; };
		5A0F6AD414FBD48B00D45EA4 /* main.m */ = {isa = PBXFileReference; lastKnownFileType = sourcecode.c.objc; path = main.m; sourceTree = "<group>"; };
		5A0F6AD614FBD48B00D45EA4 /* Sono-Prefix.pch */ = {isa = PBXFileReference; lastKnownFileType = sourcecode.c.h; path = "Sono-Prefix.pch"; sourceTree = "<group>"; };
		5A0F6AD714FBD48B00D45EA4 /* AppDelegate.h */ = {isa = PBXFileReference; lastKnownFileType = sourcecode.c.h; path = AppDelegate.h; sourceTree = "<group>"; };
		5A0F6AD814FBD48B00D45EA4 /* AppDelegate.m */ = {isa = PBXFileReference; lastKnownFileType = sourcecode.c.objc; path = AppDelegate.m; sourceTree = "<group>"; };
		5A0F6ADB14FBD48B00D45EA4 /* en */ = {isa = PBXFileReference; lastKnownFileType = file.storyboard; name = en; path = en.lproj/MainStoryboard.storyboard; sourceTree = "<group>"; };
		5A0F6ADE14FBD48B00D45EA4 /* Sono.xcdatamodel */ = {isa = PBXFileReference; lastKnownFileType = wrapper.xcdatamodel; path = Sono.xcdatamodel; sourceTree = "<group>"; };
		5A0F6AE014FBD48B00D45EA4 /* MasterViewController.h */ = {isa = PBXFileReference; lastKnownFileType = sourcecode.c.h; path = MasterViewController.h; sourceTree = "<group>"; };
		5A0F6AE114FBD48B00D45EA4 /* MasterViewController.m */ = {isa = PBXFileReference; lastKnownFileType = sourcecode.c.objc; path = MasterViewController.m; sourceTree = "<group>"; };
		5A0F6AE314FBD48B00D45EA4 /* DetailViewController.h */ = {isa = PBXFileReference; lastKnownFileType = sourcecode.c.h; path = DetailViewController.h; sourceTree = "<group>"; };
		5A0F6AE414FBD48B00D45EA4 /* DetailViewController.m */ = {isa = PBXFileReference; lastKnownFileType = sourcecode.c.objc; path = DetailViewController.m; sourceTree = "<group>"; };
		5A389F4814FCBBBA001F7C04 /* RoundedView.h */ = {isa = PBXFileReference; fileEncoding = 4; lastKnownFileType = sourcecode.c.h; path = RoundedView.h; sourceTree = "<group>"; };
		5A389F4914FCBBBA001F7C04 /* RoundedView.m */ = {isa = PBXFileReference; fileEncoding = 4; lastKnownFileType = sourcecode.c.objc; path = RoundedView.m; sourceTree = "<group>"; };
		5A389F5414FCCE25001F7C04 /* DropdownButton.h */ = {isa = PBXFileReference; fileEncoding = 4; lastKnownFileType = sourcecode.c.h; path = DropdownButton.h; sourceTree = "<group>"; };
		5A389F5514FCCE26001F7C04 /* DropdownButton.m */ = {isa = PBXFileReference; fileEncoding = 4; lastKnownFileType = sourcecode.c.objc; path = DropdownButton.m; sourceTree = "<group>"; };
		5A389F5814FCDE15001F7C04 /* Constants.h */ = {isa = PBXFileReference; fileEncoding = 4; lastKnownFileType = sourcecode.c.h; path = Constants.h; sourceTree = "<group>"; };
		5A389F5914FCDE15001F7C04 /* Constants.m */ = {isa = PBXFileReference; fileEncoding = 4; lastKnownFileType = sourcecode.c.objc; path = Constants.m; sourceTree = "<group>"; };
		5A629D8E1500E0B400939DD0 /* SonoTests.octest */ = {isa = PBXFileReference; explicitFileType = wrapper.cfbundle; includeInIndex = 0; path = SonoTests.octest; sourceTree = BUILT_PRODUCTS_DIR; };
		5A629D8F1500E0B400939DD0 /* SenTestingKit.framework */ = {isa = PBXFileReference; lastKnownFileType = wrapper.framework; name = SenTestingKit.framework; path = Library/Frameworks/SenTestingKit.framework; sourceTree = DEVELOPER_DIR; };
		5A629D951500E0B400939DD0 /* SonoTests-Info.plist */ = {isa = PBXFileReference; lastKnownFileType = text.plist.xml; path = "SonoTests-Info.plist"; sourceTree = "<group>"; };
		5A629D971500E0B400939DD0 /* en */ = {isa = PBXFileReference; lastKnownFileType = text.plist.strings; name = en; path = en.lproj/InfoPlist.strings; sourceTree = "<group>"; };
		5A629D9A1500E0B400939DD0 /* SonoTests.m */ = {isa = PBXFileReference; lastKnownFileType = sourcecode.c.objc; path = SonoTests.m; sourceTree = "<group>"; };
		5A629D9C1500E0B400939DD0 /* SonoTests-Prefix.pch */ = {isa = PBXFileReference; lastKnownFileType = sourcecode.c.h; path = "SonoTests-Prefix.pch"; sourceTree = "<group>"; };
		5A629DA21500E74300939DD0 /* CSVParser.h */ = {isa = PBXFileReference; fileEncoding = 4; lastKnownFileType = sourcecode.c.h; path = CSVParser.h; sourceTree = "<group>"; };
		5A629DA31500E74300939DD0 /* CSVParser.m */ = {isa = PBXFileReference; fileEncoding = 4; lastKnownFileType = sourcecode.c.objc; path = CSVParser.m; sourceTree = "<group>"; };
		5A629DA61500EDC300939DD0 /* lhfa_boys_p_exp.txt */ = {isa = PBXFileReference; fileEncoding = 4; lastKnownFileType = text; path = lhfa_boys_p_exp.txt; sourceTree = "<group>"; };
		5A629DA71500EDC300939DD0 /* lhfa_girls_p_exp.txt */ = {isa = PBXFileReference; fileEncoding = 4; lastKnownFileType = text; path = lhfa_girls_p_exp.txt; sourceTree = "<group>"; };
		5A629DA81500EDC300939DD0 /* wfa_boys_p_exp.txt */ = {isa = PBXFileReference; fileEncoding = 4; lastKnownFileType = text; path = wfa_boys_p_exp.txt; sourceTree = "<group>"; };
		5A629DA91500EDC300939DD0 /* wfa_girls_p_exp.txt */ = {isa = PBXFileReference; fileEncoding = 4; lastKnownFileType = text; path = wfa_girls_p_exp.txt; sourceTree = "<group>"; };
		5A629DEA1504BAE900939DD0 /* _CPTConstraintsFixed.h */ = {isa = PBXFileReference; fileEncoding = 4; lastKnownFileType = sourcecode.c.h; path = _CPTConstraintsFixed.h; sourceTree = "<group>"; };
		5A629DEB1504BAE900939DD0 /* _CPTConstraintsRelative.h */ = {isa = PBXFileReference; fileEncoding = 4; lastKnownFileType = sourcecode.c.h; path = _CPTConstraintsRelative.h; sourceTree = "<group>"; };
		5A629DEC1504BAE900939DD0 /* _CPTDarkGradientTheme.h */ = {isa = PBXFileReference; fileEncoding = 4; lastKnownFileType = sourcecode.c.h; path = _CPTDarkGradientTheme.h; sourceTree = "<group>"; };
		5A629DED1504BAE900939DD0 /* _CPTFillColor.h */ = {isa = PBXFileReference; fileEncoding = 4; lastKnownFileType = sourcecode.c.h; path = _CPTFillColor.h; sourceTree = "<group>"; };
		5A629DEE1504BAE900939DD0 /* _CPTFillGradient.h */ = {isa = PBXFileReference; fileEncoding = 4; lastKnownFileType = sourcecode.c.h; path = _CPTFillGradient.h; sourceTree = "<group>"; };
		5A629DEF1504BAE900939DD0 /* _CPTFillImage.h */ = {isa = PBXFileReference; fileEncoding = 4; lastKnownFileType = sourcecode.c.h; path = _CPTFillImage.h; sourceTree = "<group>"; };
		5A629DF01504BAE900939DD0 /* _CPTPlainBlackTheme.h */ = {isa = PBXFileReference; fileEncoding = 4; lastKnownFileType = sourcecode.c.h; path = _CPTPlainBlackTheme.h; sourceTree = "<group>"; };
		5A629DF11504BAE900939DD0 /* _CPTPlainWhiteTheme.h */ = {isa = PBXFileReference; fileEncoding = 4; lastKnownFileType = sourcecode.c.h; path = _CPTPlainWhiteTheme.h; sourceTree = "<group>"; };
		5A629DF21504BAE900939DD0 /* _CPTSlateTheme.h */ = {isa = PBXFileReference; fileEncoding = 4; lastKnownFileType = sourcecode.c.h; path = _CPTSlateTheme.h; sourceTree = "<group>"; };
		5A629DF31504BAE900939DD0 /* _CPTStocksTheme.h */ = {isa = PBXFileReference; fileEncoding = 4; lastKnownFileType = sourcecode.c.h; path = _CPTStocksTheme.h; sourceTree = "<group>"; };
		5A629DF41504BAE900939DD0 /* _CPTXYTheme.h */ = {isa = PBXFileReference; fileEncoding = 4; lastKnownFileType = sourcecode.c.h; path = _CPTXYTheme.h; sourceTree = "<group>"; };
		5A629DF51504BAE900939DD0 /* CorePlot-CocoaTouch.h */ = {isa = PBXFileReference; fileEncoding = 4; lastKnownFileType = sourcecode.c.h; path = "CorePlot-CocoaTouch.h"; sourceTree = "<group>"; };
		5A629DF61504BAE900939DD0 /* CPTAnnotation.h */ = {isa = PBXFileReference; fileEncoding = 4; lastKnownFileType = sourcecode.c.h; path = CPTAnnotation.h; sourceTree = "<group>"; };
		5A629DF71504BAE900939DD0 /* CPTAnnotationHostLayer.h */ = {isa = PBXFileReference; fileEncoding = 4; lastKnownFileType = sourcecode.c.h; path = CPTAnnotationHostLayer.h; sourceTree = "<group>"; };
		5A629DF81504BAE900939DD0 /* CPTAxis.h */ = {isa = PBXFileReference; fileEncoding = 4; lastKnownFileType = sourcecode.c.h; path = CPTAxis.h; sourceTree = "<group>"; };
		5A629DF91504BAE900939DD0 /* CPTAxisLabel.h */ = {isa = PBXFileReference; fileEncoding = 4; lastKnownFileType = sourcecode.c.h; path = CPTAxisLabel.h; sourceTree = "<group>"; };
		5A629DFA1504BAE900939DD0 /* CPTAxisLabelGroup.h */ = {isa = PBXFileReference; fileEncoding = 4; lastKnownFileType = sourcecode.c.h; path = CPTAxisLabelGroup.h; sourceTree = "<group>"; };
		5A629DFB1504BAE900939DD0 /* CPTAxisSet.h */ = {isa = PBXFileReference; fileEncoding = 4; lastKnownFileType = sourcecode.c.h; path = CPTAxisSet.h; sourceTree = "<group>"; };
		5A629DFC1504BAE900939DD0 /* CPTAxisTitle.h */ = {isa = PBXFileReference; fileEncoding = 4; lastKnownFileType = sourcecode.c.h; path = CPTAxisTitle.h; sourceTree = "<group>"; };
		5A629DFD1504BAE900939DD0 /* CPTBarPlot.h */ = {isa = PBXFileReference; fileEncoding = 4; lastKnownFileType = sourcecode.c.h; path = CPTBarPlot.h; sourceTree = "<group>"; };
		5A629DFE1504BAE900939DD0 /* CPTBorderedLayer.h */ = {isa = PBXFileReference; fileEncoding = 4; lastKnownFileType = sourcecode.c.h; path = CPTBorderedLayer.h; sourceTree = "<group>"; };
		5A629DFF1504BAE900939DD0 /* CPTColor.h */ = {isa = PBXFileReference; fileEncoding = 4; lastKnownFileType = sourcecode.c.h; path = CPTColor.h; sourceTree = "<group>"; };
		5A629E001504BAE900939DD0 /* CPTColorSpace.h */ = {isa = PBXFileReference; fileEncoding = 4; lastKnownFileType = sourcecode.c.h; path = CPTColorSpace.h; sourceTree = "<group>"; };
		5A629E011504BAE900939DD0 /* CPTConstraints.h */ = {isa = PBXFileReference; fileEncoding = 4; lastKnownFileType = sourcecode.c.h; path = CPTConstraints.h; sourceTree = "<group>"; };
		5A629E021504BAE900939DD0 /* CPTDefinitions.h */ = {isa = PBXFileReference; fileEncoding = 4; lastKnownFileType = sourcecode.c.h; path = CPTDefinitions.h; sourceTree = "<group>"; };
		5A629E031504BAE900939DD0 /* CPTExceptions.h */ = {isa = PBXFileReference; fileEncoding = 4; lastKnownFileType = sourcecode.c.h; path = CPTExceptions.h; sourceTree = "<group>"; };
		5A629E041504BAE900939DD0 /* CPTFill.h */ = {isa = PBXFileReference; fileEncoding = 4; lastKnownFileType = sourcecode.c.h; path = CPTFill.h; sourceTree = "<group>"; };
		5A629E051504BAE900939DD0 /* CPTGradient.h */ = {isa = PBXFileReference; fileEncoding = 4; lastKnownFileType = sourcecode.c.h; path = CPTGradient.h; sourceTree = "<group>"; };
		5A629E061504BAE900939DD0 /* CPTGraph.h */ = {isa = PBXFileReference; fileEncoding = 4; lastKnownFileType = sourcecode.c.h; path = CPTGraph.h; sourceTree = "<group>"; };
		5A629E071504BAE900939DD0 /* CPTGraphHostingView.h */ = {isa = PBXFileReference; fileEncoding = 4; lastKnownFileType = sourcecode.c.h; path = CPTGraphHostingView.h; sourceTree = "<group>"; };
		5A629E081504BAE900939DD0 /* CPTGridLineGroup.h */ = {isa = PBXFileReference; fileEncoding = 4; lastKnownFileType = sourcecode.c.h; path = CPTGridLineGroup.h; sourceTree = "<group>"; };
		5A629E091504BAE900939DD0 /* CPTGridLines.h */ = {isa = PBXFileReference; fileEncoding = 4; lastKnownFileType = sourcecode.c.h; path = CPTGridLines.h; sourceTree = "<group>"; };
		5A629E0A1504BAE900939DD0 /* CPTImage.h */ = {isa = PBXFileReference; fileEncoding = 4; lastKnownFileType = sourcecode.c.h; path = CPTImage.h; sourceTree = "<group>"; };
		5A629E0B1504BAE900939DD0 /* CPTLayer.h */ = {isa = PBXFileReference; fileEncoding = 4; lastKnownFileType = sourcecode.c.h; path = CPTLayer.h; sourceTree = "<group>"; };
		5A629E0C1504BAE900939DD0 /* CPTLayerAnnotation.h */ = {isa = PBXFileReference; fileEncoding = 4; lastKnownFileType = sourcecode.c.h; path = CPTLayerAnnotation.h; sourceTree = "<group>"; };
		5A629E0D1504BAE900939DD0 /* CPTLegend.h */ = {isa = PBXFileReference; fileEncoding = 4; lastKnownFileType = sourcecode.c.h; path = CPTLegend.h; sourceTree = "<group>"; };
		5A629E0E1504BAE900939DD0 /* CPTLegendEntry.h */ = {isa = PBXFileReference; fileEncoding = 4; lastKnownFileType = sourcecode.c.h; path = CPTLegendEntry.h; sourceTree = "<group>"; };
		5A629E0F1504BAE900939DD0 /* CPTLimitBand.h */ = {isa = PBXFileReference; fileEncoding = 4; lastKnownFileType = sourcecode.c.h; path = CPTLimitBand.h; sourceTree = "<group>"; };
		5A629E101504BAE900939DD0 /* CPTLineCap.h */ = {isa = PBXFileReference; fileEncoding = 4; lastKnownFileType = sourcecode.c.h; path = CPTLineCap.h; sourceTree = "<group>"; };
		5A629E111504BAE900939DD0 /* CPTLineStyle.h */ = {isa = PBXFileReference; fileEncoding = 4; lastKnownFileType = sourcecode.c.h; path = CPTLineStyle.h; sourceTree = "<group>"; };
		5A629E121504BAE900939DD0 /* CPTMutableLineStyle.h */ = {isa = PBXFileReference; fileEncoding = 4; lastKnownFileType = sourcecode.c.h; path = CPTMutableLineStyle.h; sourceTree = "<group>"; };
		5A629E131504BAE900939DD0 /* CPTMutableNumericData+TypeConversion.h */ = {isa = PBXFileReference; fileEncoding = 4; lastKnownFileType = sourcecode.c.h; path = "CPTMutableNumericData+TypeConversion.h"; sourceTree = "<group>"; };
		5A629E141504BAE900939DD0 /* CPTMutableNumericData.h */ = {isa = PBXFileReference; fileEncoding = 4; lastKnownFileType = sourcecode.c.h; path = CPTMutableNumericData.h; sourceTree = "<group>"; };
		5A629E151504BAE900939DD0 /* CPTMutablePlotRange.h */ = {isa = PBXFileReference; fileEncoding = 4; lastKnownFileType = sourcecode.c.h; path = CPTMutablePlotRange.h; sourceTree = "<group>"; };
		5A629E161504BAE900939DD0 /* CPTMutableShadow.h */ = {isa = PBXFileReference; fileEncoding = 4; lastKnownFileType = sourcecode.c.h; path = CPTMutableShadow.h; sourceTree = "<group>"; };
		5A629E171504BAE900939DD0 /* CPTMutableTextStyle.h */ = {isa = PBXFileReference; fileEncoding = 4; lastKnownFileType = sourcecode.c.h; path = CPTMutableTextStyle.h; sourceTree = "<group>"; };
		5A629E181504BAE900939DD0 /* CPTNumericData+TypeConversion.h */ = {isa = PBXFileReference; fileEncoding = 4; lastKnownFileType = sourcecode.c.h; path = "CPTNumericData+TypeConversion.h"; sourceTree = "<group>"; };
		5A629E191504BAE900939DD0 /* CPTNumericData.h */ = {isa = PBXFileReference; fileEncoding = 4; lastKnownFileType = sourcecode.c.h; path = CPTNumericData.h; sourceTree = "<group>"; };
		5A629E1A1504BAE900939DD0 /* CPTNumericDataType.h */ = {isa = PBXFileReference; fileEncoding = 4; lastKnownFileType = sourcecode.c.h; path = CPTNumericDataType.h; sourceTree = "<group>"; };
		5A629E1B1504BAE900939DD0 /* CPTPathExtensions.h */ = {isa = PBXFileReference; fileEncoding = 4; lastKnownFileType = sourcecode.c.h; path = CPTPathExtensions.h; sourceTree = "<group>"; };
		5A629E1C1504BAE900939DD0 /* CPTPieChart.h */ = {isa = PBXFileReference; fileEncoding = 4; lastKnownFileType = sourcecode.c.h; path = CPTPieChart.h; sourceTree = "<group>"; };
		5A629E1D1504BAE900939DD0 /* CPTPlatformSpecificCategories.h */ = {isa = PBXFileReference; fileEncoding = 4; lastKnownFileType = sourcecode.c.h; path = CPTPlatformSpecificCategories.h; sourceTree = "<group>"; };
		5A629E1E1504BAE900939DD0 /* CPTPlatformSpecificDefines.h */ = {isa = PBXFileReference; fileEncoding = 4; lastKnownFileType = sourcecode.c.h; path = CPTPlatformSpecificDefines.h; sourceTree = "<group>"; };
		5A629E1F1504BAE900939DD0 /* CPTPlatformSpecificFunctions.h */ = {isa = PBXFileReference; fileEncoding = 4; lastKnownFileType = sourcecode.c.h; path = CPTPlatformSpecificFunctions.h; sourceTree = "<group>"; };
		5A629E201504BAE900939DD0 /* CPTPlot.h */ = {isa = PBXFileReference; fileEncoding = 4; lastKnownFileType = sourcecode.c.h; path = CPTPlot.h; sourceTree = "<group>"; };
		5A629E211504BAE900939DD0 /* CPTPlotArea.h */ = {isa = PBXFileReference; fileEncoding = 4; lastKnownFileType = sourcecode.c.h; path = CPTPlotArea.h; sourceTree = "<group>"; };
		5A629E221504BAE900939DD0 /* CPTPlotAreaFrame.h */ = {isa = PBXFileReference; fileEncoding = 4; lastKnownFileType = sourcecode.c.h; path = CPTPlotAreaFrame.h; sourceTree = "<group>"; };
		5A629E231504BAE900939DD0 /* CPTPlotGroup.h */ = {isa = PBXFileReference; fileEncoding = 4; lastKnownFileType = sourcecode.c.h; path = CPTPlotGroup.h; sourceTree = "<group>"; };
		5A629E241504BAE900939DD0 /* CPTPlotRange.h */ = {isa = PBXFileReference; fileEncoding = 4; lastKnownFileType = sourcecode.c.h; path = CPTPlotRange.h; sourceTree = "<group>"; };
		5A629E251504BAE900939DD0 /* CPTPlotSpace.h */ = {isa = PBXFileReference; fileEncoding = 4; lastKnownFileType = sourcecode.c.h; path = CPTPlotSpace.h; sourceTree = "<group>"; };
		5A629E261504BAE900939DD0 /* CPTPlotSpaceAnnotation.h */ = {isa = PBXFileReference; fileEncoding = 4; lastKnownFileType = sourcecode.c.h; path = CPTPlotSpaceAnnotation.h; sourceTree = "<group>"; };
		5A629E271504BAE900939DD0 /* CPTPlotSymbol.h */ = {isa = PBXFileReference; fileEncoding = 4; lastKnownFileType = sourcecode.c.h; path = CPTPlotSymbol.h; sourceTree = "<group>"; };
		5A629E281504BAE900939DD0 /* CPTRangePlot.h */ = {isa = PBXFileReference; fileEncoding = 4; lastKnownFileType = sourcecode.c.h; path = CPTRangePlot.h; sourceTree = "<group>"; };
		5A629E291504BAE900939DD0 /* CPTResponder.h */ = {isa = PBXFileReference; fileEncoding = 4; lastKnownFileType = sourcecode.c.h; path = CPTResponder.h; sourceTree = "<group>"; };
		5A629E2A1504BAE900939DD0 /* CPTScatterPlot.h */ = {isa = PBXFileReference; fileEncoding = 4; lastKnownFileType = sourcecode.c.h; path = CPTScatterPlot.h; sourceTree = "<group>"; };
		5A629E2B1504BAE900939DD0 /* CPTShadow.h */ = {isa = PBXFileReference; fileEncoding = 4; lastKnownFileType = sourcecode.c.h; path = CPTShadow.h; sourceTree = "<group>"; };
		5A629E2C1504BAE900939DD0 /* CPTTextLayer.h */ = {isa = PBXFileReference; fileEncoding = 4; lastKnownFileType = sourcecode.c.h; path = CPTTextLayer.h; sourceTree = "<group>"; };
		5A629E2D1504BAE900939DD0 /* CPTTextStyle.h */ = {isa = PBXFileReference; fileEncoding = 4; lastKnownFileType = sourcecode.c.h; path = CPTTextStyle.h; sourceTree = "<group>"; };
		5A629E2E1504BAE900939DD0 /* CPTTheme.h */ = {isa = PBXFileReference; fileEncoding = 4; lastKnownFileType = sourcecode.c.h; path = CPTTheme.h; sourceTree = "<group>"; };
		5A629E2F1504BAE900939DD0 /* CPTTimeFormatter.h */ = {isa = PBXFileReference; fileEncoding = 4; lastKnownFileType = sourcecode.c.h; path = CPTTimeFormatter.h; sourceTree = "<group>"; };
		5A629E301504BAE900939DD0 /* CPTTradingRangePlot.h */ = {isa = PBXFileReference; fileEncoding = 4; lastKnownFileType = sourcecode.c.h; path = CPTTradingRangePlot.h; sourceTree = "<group>"; };
		5A629E311504BAE900939DD0 /* CPTUtilities.h */ = {isa = PBXFileReference; fileEncoding = 4; lastKnownFileType = sourcecode.c.h; path = CPTUtilities.h; sourceTree = "<group>"; };
		5A629E321504BAE900939DD0 /* CPTXYAxis.h */ = {isa = PBXFileReference; fileEncoding = 4; lastKnownFileType = sourcecode.c.h; path = CPTXYAxis.h; sourceTree = "<group>"; };
		5A629E331504BAE900939DD0 /* CPTXYAxisSet.h */ = {isa = PBXFileReference; fileEncoding = 4; lastKnownFileType = sourcecode.c.h; path = CPTXYAxisSet.h; sourceTree = "<group>"; };
		5A629E341504BAE900939DD0 /* CPTXYGraph.h */ = {isa = PBXFileReference; fileEncoding = 4; lastKnownFileType = sourcecode.c.h; path = CPTXYGraph.h; sourceTree = "<group>"; };
		5A629E351504BAE900939DD0 /* CPTXYPlotSpace.h */ = {isa = PBXFileReference; fileEncoding = 4; lastKnownFileType = sourcecode.c.h; path = CPTXYPlotSpace.h; sourceTree = "<group>"; };
		5A629E361504BAE900939DD0 /* NSCoderExtensions.h */ = {isa = PBXFileReference; fileEncoding = 4; lastKnownFileType = sourcecode.c.h; path = NSCoderExtensions.h; sourceTree = "<group>"; };
		5A629E371504BAE900939DD0 /* NSDecimalNumberExtensions.h */ = {isa = PBXFileReference; fileEncoding = 4; lastKnownFileType = sourcecode.c.h; path = NSDecimalNumberExtensions.h; sourceTree = "<group>"; };
		5A629E381504BAE900939DD0 /* NSNumberExtensions.h */ = {isa = PBXFileReference; fileEncoding = 4; lastKnownFileType = sourcecode.c.h; path = NSNumberExtensions.h; sourceTree = "<group>"; };
		5A629E391504BB0600939DD0 /* libCorePlot-CocoaTouch.a */ = {isa = PBXFileReference; lastKnownFileType = archive.ar; name = "libCorePlot-CocoaTouch.a"; path = "CorePlot/libCorePlot-CocoaTouch.a"; sourceTree = "<group>"; };
		5A629E3F1504C3D100939DD0 /* QuartzCore.framework */ = {isa = PBXFileReference; lastKnownFileType = wrapper.framework; name = QuartzCore.framework; path = System/Library/Frameworks/QuartzCore.framework; sourceTree = SDKROOT; };
		5A7E1D0114FCF40C00B93367 /* DataStore.h */ = {isa = PBXFileReference; fileEncoding = 4; lastKnownFileType = sourcecode.c.h; path = DataStore.h; sourceTree = "<group>"; };
		5A7E1D0214FCF40C00B93367 /* DataStore.m */ = {isa = PBXFileReference; fileEncoding = 4; lastKnownFileType = sourcecode.c.objc; path = DataStore.m; sourceTree = "<group>"; };
		5A7E1D0D14FD196000B93367 /* Patient+Additions.h */ = {isa = PBXFileReference; fileEncoding = 4; lastKnownFileType = sourcecode.c.h; path = "Patient+Additions.h"; sourceTree = "<group>"; };
		5A7E1D0E14FD196000B93367 /* Patient+Additions.m */ = {isa = PBXFileReference; fileEncoding = 4; lastKnownFileType = sourcecode.c.objc; path = "Patient+Additions.m"; sourceTree = "<group>"; };
		5A7E1D1A14FD23B000B93367 /* Patient.h */ = {isa = PBXFileReference; fileEncoding = 4; lastKnownFileType = sourcecode.c.h; path = Patient.h; sourceTree = "<group>"; };
		5A7E1D1B14FD23B100B93367 /* Patient.m */ = {isa = PBXFileReference; fileEncoding = 4; lastKnownFileType = sourcecode.c.objc; path = Patient.m; sourceTree = "<group>"; };
		5A7E1D1E14FE1D7A00B93367 /* ExaminationViewController.h */ = {isa = PBXFileReference; fileEncoding = 4; lastKnownFileType = sourcecode.c.h; path = ExaminationViewController.h; sourceTree = "<group>"; };
		5A7E1D1F14FE1D7A00B93367 /* ExaminationViewController.m */ = {isa = PBXFileReference; fileEncoding = 4; lastKnownFileType = sourcecode.c.objc; path = ExaminationViewController.m; sourceTree = "<group>"; };
		5A7E1D2514FE2D9600B93367 /* DatePopupController.xib */ = {isa = PBXFileReference; fileEncoding = 4; lastKnownFileType = file.xib; path = DatePopupController.xib; sourceTree = "<group>"; };
		5A7E1D2614FE2D9600B93367 /* DatePopupController.h */ = {isa = PBXFileReference; fileEncoding = 4; lastKnownFileType = sourcecode.c.h; path = DatePopupController.h; sourceTree = "<group>"; };
		5A7E1D2714FE2D9600B93367 /* DatePopupController.m */ = {isa = PBXFileReference; fileEncoding = 4; lastKnownFileType = sourcecode.c.objc; path = DatePopupController.m; sourceTree = "<group>"; };
		5A7E1D2A14FE310B00B93367 /* DateDropDown.h */ = {isa = PBXFileReference; fileEncoding = 4; lastKnownFileType = sourcecode.c.h; path = DateDropDown.h; sourceTree = "<group>"; };
		5A7E1D2B14FE310B00B93367 /* DateDropDown.m */ = {isa = PBXFileReference; fileEncoding = 4; lastKnownFileType = sourcecode.c.objc; path = DateDropDown.m; sourceTree = "<group>"; };
		5A7E1D5914FE47B000B93367 /* Utils.h */ = {isa = PBXFileReference; fileEncoding = 4; lastKnownFileType = sourcecode.c.h; path = Utils.h; sourceTree = "<group>"; };
		5A7E1D5A14FE47B000B93367 /* Utils.m */ = {isa = PBXFileReference; fileEncoding = 4; lastKnownFileType = sourcecode.c.objc; path = Utils.m; sourceTree = "<group>"; };
		5A7E1DAC14FE59D500B93367 /* EditExaminationViewController.h */ = {isa = PBXFileReference; fileEncoding = 4; lastKnownFileType = sourcecode.c.h; path = EditExaminationViewController.h; sourceTree = "<group>"; };
		5A7E1DAD14FE59D500B93367 /* EditExaminationViewController.m */ = {isa = PBXFileReference; fileEncoding = 4; lastKnownFileType = sourcecode.c.objc; path = EditExaminationViewController.m; sourceTree = "<group>"; };
		5A7E1DAF14FE5FE300B93367 /* Examination+Additions.h */ = {isa = PBXFileReference; fileEncoding = 4; lastKnownFileType = sourcecode.c.h; path = "Examination+Additions.h"; sourceTree = "<group>"; };
		5A7E1DB014FE5FE300B93367 /* Examination+Additions.m */ = {isa = PBXFileReference; fileEncoding = 4; lastKnownFileType = sourcecode.c.objc; path = "Examination+Additions.m"; sourceTree = "<group>"; };
		5A7E1DB214FE65F700B93367 /* Examination.h */ = {isa = PBXFileReference; fileEncoding = 4; lastKnownFileType = sourcecode.c.h; path = Examination.h; sourceTree = "<group>"; };
		5A7E1DB314FE65F700B93367 /* Examination.m */ = {isa = PBXFileReference; fileEncoding = 4; lastKnownFileType = sourcecode.c.objc; path = Examination.m; sourceTree = "<group>"; };
		5A7E1DE914FFAB4300B93367 /* dropdown_button_pressed-150.png */ = {isa = PBXFileReference; lastKnownFileType = image.png; path = "dropdown_button_pressed-150.png"; sourceTree = "<group>"; };
		5A7E1DEA14FFAB4300B93367 /* dropdown_button-150.png */ = {isa = PBXFileReference; lastKnownFileType = image.png; path = "dropdown_button-150.png"; sourceTree = "<group>"; };
		5A7E1DED14FFAE0900B93367 /* dropdown_button_pressed-250.png */ = {isa = PBXFileReference; lastKnownFileType = image.png; path = "dropdown_button_pressed-250.png"; sourceTree = "<group>"; };
		5A7E1DEE14FFAE0900B93367 /* dropdown_button-250.png */ = {isa = PBXFileReference; lastKnownFileType = image.png; path = "dropdown_button-250.png"; sourceTree = "<group>"; };
		5A7E1DF114FFB39D00B93367 /* IntroViewController.h */ = {isa = PBXFileReference; fileEncoding = 4; lastKnownFileType = sourcecode.c.h; path = IntroViewController.h; sourceTree = "<group>"; };
		5A7E1DF214FFB39D00B93367 /* IntroViewController.m */ = {isa = PBXFileReference; fileEncoding = 4; lastKnownFileType = sourcecode.c.objc; path = IntroViewController.m; sourceTree = "<group>"; };
		5A7E1DF41500CB5E00B93367 /* app_icon-72.png */ = {isa = PBXFileReference; lastKnownFileType = image.png; name = "app_icon-72.png"; path = "Resources/app_icon-72.png"; sourceTree = SOURCE_ROOT; };
		5A86032E14FBF16300BD64E1 /* EditPatientViewController.h */ = {isa = PBXFileReference; fileEncoding = 4; lastKnownFileType = sourcecode.c.h; path = EditPatientViewController.h; sourceTree = "<group>"; };
		5A86032F14FBF16300BD64E1 /* EditPatientViewController.m */ = {isa = PBXFileReference; fileEncoding = 4; lastKnownFileType = sourcecode.c.objc; path = EditPatientViewController.m; sourceTree = "<group>"; };
		5AA21B091509FF5B007ED3A1 /* Image-15.jpeg */ = {isa = PBXFileReference; lastKnownFileType = image.jpeg; path = "Image-15.jpeg"; sourceTree = "<group>"; };
		5AA21B0A1509FF5B007ED3A1 /* Image-14.jpeg */ = {isa = PBXFileReference; lastKnownFileType = image.jpeg; path = "Image-14.jpeg"; sourceTree = "<group>"; };
		5AA21B0B1509FF5B007ED3A1 /* Image-13.jpeg */ = {isa = PBXFileReference; lastKnownFileType = image.jpeg; path = "Image-13.jpeg"; sourceTree = "<group>"; };
		5AA21B0C1509FF5B007ED3A1 /* Image-12.jpeg */ = {isa = PBXFileReference; lastKnownFileType = image.jpeg; path = "Image-12.jpeg"; sourceTree = "<group>"; };
		5AA21B0D1509FF5B007ED3A1 /* Image-11.jpeg */ = {isa = PBXFileReference; lastKnownFileType = image.jpeg; path = "Image-11.jpeg"; sourceTree = "<group>"; };
		5AA21B0E1509FF5B007ED3A1 /* Image-10.jpeg */ = {isa = PBXFileReference; lastKnownFileType = image.jpeg; path = "Image-10.jpeg"; sourceTree = "<group>"; };
		5AA21B0F1509FF5B007ED3A1 /* Image-9.jpeg */ = {isa = PBXFileReference; lastKnownFileType = image.jpeg; path = "Image-9.jpeg"; sourceTree = "<group>"; };
		5AA21B101509FF5B007ED3A1 /* Image-8.jpeg */ = {isa = PBXFileReference; lastKnownFileType = image.jpeg; path = "Image-8.jpeg"; sourceTree = "<group>"; };
		5AA21B111509FF5B007ED3A1 /* Image-7.jpeg */ = {isa = PBXFileReference; lastKnownFileType = image.jpeg; path = "Image-7.jpeg"; sourceTree = "<group>"; };
		5AA21B121509FF5B007ED3A1 /* Image-6.jpeg */ = {isa = PBXFileReference; lastKnownFileType = image.jpeg; path = "Image-6.jpeg"; sourceTree = "<group>"; };
		5AA21B131509FF5B007ED3A1 /* Image-5.jpeg */ = {isa = PBXFileReference; lastKnownFileType = image.jpeg; path = "Image-5.jpeg"; sourceTree = "<group>"; };
		5AA21B141509FF5B007ED3A1 /* Image-4.jpeg */ = {isa = PBXFileReference; lastKnownFileType = image.jpeg; path = "Image-4.jpeg"; sourceTree = "<group>"; };
		5AA21B151509FF5B007ED3A1 /* Image-3.jpeg */ = {isa = PBXFileReference; lastKnownFileType = image.jpeg; path = "Image-3.jpeg"; sourceTree = "<group>"; };
		5AA21B161509FF5B007ED3A1 /* Image-2.jpeg */ = {isa = PBXFileReference; lastKnownFileType = image.jpeg; path = "Image-2.jpeg"; sourceTree = "<group>"; };
		5AA21B171509FF5B007ED3A1 /* Image-1.jpeg */ = {isa = PBXFileReference; lastKnownFileType = image.jpeg; path = "Image-1.jpeg"; sourceTree = "<group>"; };
		5AA21B181509FF5B007ED3A1 /* Image-0.jpeg */ = {isa = PBXFileReference; lastKnownFileType = image.jpeg; path = "Image-0.jpeg"; sourceTree = "<group>"; };
		5AA21B2A150A0069007ED3A1 /* SonoImageViewController.h */ = {isa = PBXFileReference; fileEncoding = 4; lastKnownFileType = sourcecode.c.h; path = SonoImageViewController.h; sourceTree = "<group>"; };
		5AA21B2B150A0069007ED3A1 /* SonoImageViewController.m */ = {isa = PBXFileReference; fileEncoding = 4; lastKnownFileType = sourcecode.c.objc; path = SonoImageViewController.m; sourceTree = "<group>"; };
		5AA21B2D150A12AD007ED3A1 /* SingleSonoImageViewController.h */ = {isa = PBXFileReference; fileEncoding = 4; lastKnownFileType = sourcecode.c.h; path = SingleSonoImageViewController.h; sourceTree = "<group>"; };
		5AA21B2E150A12AD007ED3A1 /* SingleSonoImageViewController.m */ = {isa = PBXFileReference; fileEncoding = 4; lastKnownFileType = sourcecode.c.objc; path = SingleSonoImageViewController.m; sourceTree = "<group>"; };
		5AFF0A4815051D7D001B3615 /* WHOPlotViewController.h */ = {isa = PBXFileReference; fileEncoding = 4; lastKnownFileType = sourcecode.c.h; path = WHOPlotViewController.h; sourceTree = "<group>"; };
		5AFF0A4915051D7D001B3615 /* WHOPlotViewController.m */ = {isa = PBXFileReference; fileEncoding = 4; lastKnownFileType = sourcecode.c.objc; path = WHOPlotViewController.m; sourceTree = "<group>"; };
/* End PBXFileReference section */

/* Begin PBXFrameworksBuildPhase section */
		5A0F6ABF14FBD48A00D45EA4 /* Frameworks */ = {
			isa = PBXFrameworksBuildPhase;
			buildActionMask = 2147483647;
			files = (
				5A629E401504C3D100939DD0 /* QuartzCore.framework in Frameworks */,
				5A629E3A1504BB0600939DD0 /* libCorePlot-CocoaTouch.a in Frameworks */,
				5A0F6AC714FBD48A00D45EA4 /* UIKit.framework in Frameworks */,
				5A0F6AC914FBD48A00D45EA4 /* Foundation.framework in Frameworks */,
				5A0F6ACB14FBD48A00D45EA4 /* CoreGraphics.framework in Frameworks */,
				5A0F6ACD14FBD48A00D45EA4 /* CoreData.framework in Frameworks */,
			);
			runOnlyForDeploymentPostprocessing = 0;
		};
		5A629D8A1500E0B400939DD0 /* Frameworks */ = {
			isa = PBXFrameworksBuildPhase;
			buildActionMask = 2147483647;
			files = (
				5A629D901500E0B400939DD0 /* SenTestingKit.framework in Frameworks */,
				5A629D911500E0B400939DD0 /* UIKit.framework in Frameworks */,
				5A629D921500E0B400939DD0 /* Foundation.framework in Frameworks */,
			);
			runOnlyForDeploymentPostprocessing = 0;
		};
/* End PBXFrameworksBuildPhase section */

/* Begin PBXGroup section */
		5A0F6AB714FBD48A00D45EA4 = {
			isa = PBXGroup;
			children = (
				5A0F6ACE14FBD48A00D45EA4 /* Sono */,
				5A629D931500E0B400939DD0 /* SonoTests */,
				5A629DA11500E74300939DD0 /* Vendor */,
				5A0F6AC514FBD48A00D45EA4 /* Frameworks */,
				5A0F6AC314FBD48A00D45EA4 /* Products */,
			);
			sourceTree = "<group>";
		};
		5A0F6AC314FBD48A00D45EA4 /* Products */ = {
			isa = PBXGroup;
			children = (
				5A0F6AC214FBD48A00D45EA4 /* Sono.app */,
				5A629D8E1500E0B400939DD0 /* SonoTests.octest */,
			);
			name = Products;
			sourceTree = "<group>";
		};
		5A0F6AC514FBD48A00D45EA4 /* Frameworks */ = {
			isa = PBXGroup;
			children = (
				5A629E3F1504C3D100939DD0 /* QuartzCore.framework */,
				5A0F6AC614FBD48A00D45EA4 /* UIKit.framework */,
				5A0F6AC814FBD48A00D45EA4 /* Foundation.framework */,
				5A0F6ACA14FBD48A00D45EA4 /* CoreGraphics.framework */,
				5A0F6ACC14FBD48A00D45EA4 /* CoreData.framework */,
				5A629D8F1500E0B400939DD0 /* SenTestingKit.framework */,
			);
			name = Frameworks;
			sourceTree = "<group>";
		};
		5A0F6ACE14FBD48A00D45EA4 /* Sono */ = {
			isa = PBXGroup;
			children = (
				5A389F5814FCDE15001F7C04 /* Constants.h */,
				5A389F5914FCDE15001F7C04 /* Constants.m */,
				5A7E1D0114FCF40C00B93367 /* DataStore.h */,
				5A7E1D0214FCF40C00B93367 /* DataStore.m */,
				5A7E1D5914FE47B000B93367 /* Utils.h */,
				5A7E1D5A14FE47B000B93367 /* Utils.m */,
				5A0F6AEE14FBDB3A00D45EA4 /* Model */,
				5A0F6AD714FBD48B00D45EA4 /* AppDelegate.h */,
				5A0F6AD814FBD48B00D45EA4 /* AppDelegate.m */,
				5A0F6ADA14FBD48B00D45EA4 /* MainStoryboard.storyboard */,
				5A7E1D1D14FE1D2700B93367 /* View Controllers */,
				5A389F5714FCCE37001F7C04 /* Controls */,
				5A389F4F14FCCDEF001F7C04 /* Resources */,
				5A0F6ACF14FBD48B00D45EA4 /* Supporting Files */,
			);
			path = Sono;
			sourceTree = "<group>";
		};
		5A0F6ACF14FBD48B00D45EA4 /* Supporting Files */ = {
			isa = PBXGroup;
			children = (
				5A0F6AD014FBD48B00D45EA4 /* Sono-Info.plist */,
				5A0F6AD114FBD48B00D45EA4 /* InfoPlist.strings */,
				5A0F6AD414FBD48B00D45EA4 /* main.m */,
				5A0F6AD614FBD48B00D45EA4 /* Sono-Prefix.pch */,
			);
			name = "Supporting Files";
			sourceTree = "<group>";
		};
		5A0F6AEE14FBDB3A00D45EA4 /* Model */ = {
			isa = PBXGroup;
			children = (
				5A0F6ADD14FBD48B00D45EA4 /* Sono.xcdatamodeld */,
				5A7E1D1A14FD23B000B93367 /* Patient.h */,
				5A7E1D1B14FD23B100B93367 /* Patient.m */,
				5A7E1DB214FE65F700B93367 /* Examination.h */,
				5A7E1DB314FE65F700B93367 /* Examination.m */,
				5A7E1D0D14FD196000B93367 /* Patient+Additions.h */,
				5A7E1D0E14FD196000B93367 /* Patient+Additions.m */,
				5A7E1DAF14FE5FE300B93367 /* Examination+Additions.h */,
				5A7E1DB014FE5FE300B93367 /* Examination+Additions.m */,
			);
			name = Model;
			sourceTree = "<group>";
		};
		5A389F4F14FCCDEF001F7C04 /* Resources */ = {
			isa = PBXGroup;
			children = (
				5A629DA61500EDC300939DD0 /* lhfa_boys_p_exp.txt */,
				5A629DA71500EDC300939DD0 /* lhfa_girls_p_exp.txt */,
				5A629DA81500EDC300939DD0 /* wfa_boys_p_exp.txt */,
				5A629DA91500EDC300939DD0 /* wfa_girls_p_exp.txt */,
				5A7E1DF41500CB5E00B93367 /* app_icon-72.png */,
				5A7E1DED14FFAE0900B93367 /* dropdown_button_pressed-250.png */,
				5A7E1DEE14FFAE0900B93367 /* dropdown_button-250.png */,
				5A7E1DE914FFAB4300B93367 /* dropdown_button_pressed-150.png */,
				5A7E1DEA14FFAB4300B93367 /* dropdown_button-150.png */,
				5AA21B091509FF5B007ED3A1 /* Image-15.jpeg */,
				5AA21B0A1509FF5B007ED3A1 /* Image-14.jpeg */,
				5AA21B0B1509FF5B007ED3A1 /* Image-13.jpeg */,
				5AA21B0C1509FF5B007ED3A1 /* Image-12.jpeg */,
				5AA21B0D1509FF5B007ED3A1 /* Image-11.jpeg */,
				5AA21B0E1509FF5B007ED3A1 /* Image-10.jpeg */,
				5AA21B0F1509FF5B007ED3A1 /* Image-9.jpeg */,
				5AA21B101509FF5B007ED3A1 /* Image-8.jpeg */,
				5AA21B111509FF5B007ED3A1 /* Image-7.jpeg */,
				5AA21B121509FF5B007ED3A1 /* Image-6.jpeg */,
				5AA21B131509FF5B007ED3A1 /* Image-5.jpeg */,
				5AA21B141509FF5B007ED3A1 /* Image-4.jpeg */,
				5AA21B151509FF5B007ED3A1 /* Image-3.jpeg */,
				5AA21B161509FF5B007ED3A1 /* Image-2.jpeg */,
				5AA21B171509FF5B007ED3A1 /* Image-1.jpeg */,
				5AA21B181509FF5B007ED3A1 /* Image-0.jpeg */,
			);
			path = Resources;
			sourceTree = "<group>";
		};
		5A389F5714FCCE37001F7C04 /* Controls */ = {
			isa = PBXGroup;
			children = (
				5A7E1D2514FE2D9600B93367 /* DatePopupController.xib */,
				5A7E1D2614FE2D9600B93367 /* DatePopupController.h */,
				5A7E1D2714FE2D9600B93367 /* DatePopupController.m */,
				5A389F4814FCBBBA001F7C04 /* RoundedView.h */,
				5A389F4914FCBBBA001F7C04 /* RoundedView.m */,
				5A389F5414FCCE25001F7C04 /* DropdownButton.h */,
				5A389F5514FCCE26001F7C04 /* DropdownButton.m */,
				5A7E1D2A14FE310B00B93367 /* DateDropDown.h */,
				5A7E1D2B14FE310B00B93367 /* DateDropDown.m */,
			);
			name = Controls;
			sourceTree = "<group>";
		};
		5A629D931500E0B400939DD0 /* SonoTests */ = {
			isa = PBXGroup;
			children = (
				5A629D9A1500E0B400939DD0 /* SonoTests.m */,
				5A629D941500E0B400939DD0 /* Supporting Files */,
			);
			path = SonoTests;
			sourceTree = "<group>";
		};
		5A629D941500E0B400939DD0 /* Supporting Files */ = {
			isa = PBXGroup;
			children = (
				5A629D951500E0B400939DD0 /* SonoTests-Info.plist */,
				5A629D961500E0B400939DD0 /* InfoPlist.strings */,
				5A629D9C1500E0B400939DD0 /* SonoTests-Prefix.pch */,
			);
			name = "Supporting Files";
			sourceTree = "<group>";
		};
		5A629DA11500E74300939DD0 /* Vendor */ = {
			isa = PBXGroup;
			children = (
				5A629DE91504BAE900939DD0 /* CorePlotHeaders */,
				5A629E391504BB0600939DD0 /* libCorePlot-CocoaTouch.a */,
				5A629DA21500E74300939DD0 /* CSVParser.h */,
				5A629DA31500E74300939DD0 /* CSVParser.m */,
			);
			path = Vendor;
			sourceTree = "<group>";
		};
		5A629DE91504BAE900939DD0 /* CorePlotHeaders */ = {
			isa = PBXGroup;
			children = (
				5A629DEA1504BAE900939DD0 /* _CPTConstraintsFixed.h */,
				5A629DEB1504BAE900939DD0 /* _CPTConstraintsRelative.h */,
				5A629DEC1504BAE900939DD0 /* _CPTDarkGradientTheme.h */,
				5A629DED1504BAE900939DD0 /* _CPTFillColor.h */,
				5A629DEE1504BAE900939DD0 /* _CPTFillGradient.h */,
				5A629DEF1504BAE900939DD0 /* _CPTFillImage.h */,
				5A629DF01504BAE900939DD0 /* _CPTPlainBlackTheme.h */,
				5A629DF11504BAE900939DD0 /* _CPTPlainWhiteTheme.h */,
				5A629DF21504BAE900939DD0 /* _CPTSlateTheme.h */,
				5A629DF31504BAE900939DD0 /* _CPTStocksTheme.h */,
				5A629DF41504BAE900939DD0 /* _CPTXYTheme.h */,
				5A629DF51504BAE900939DD0 /* CorePlot-CocoaTouch.h */,
				5A629DF61504BAE900939DD0 /* CPTAnnotation.h */,
				5A629DF71504BAE900939DD0 /* CPTAnnotationHostLayer.h */,
				5A629DF81504BAE900939DD0 /* CPTAxis.h */,
				5A629DF91504BAE900939DD0 /* CPTAxisLabel.h */,
				5A629DFA1504BAE900939DD0 /* CPTAxisLabelGroup.h */,
				5A629DFB1504BAE900939DD0 /* CPTAxisSet.h */,
				5A629DFC1504BAE900939DD0 /* CPTAxisTitle.h */,
				5A629DFD1504BAE900939DD0 /* CPTBarPlot.h */,
				5A629DFE1504BAE900939DD0 /* CPTBorderedLayer.h */,
				5A629DFF1504BAE900939DD0 /* CPTColor.h */,
				5A629E001504BAE900939DD0 /* CPTColorSpace.h */,
				5A629E011504BAE900939DD0 /* CPTConstraints.h */,
				5A629E021504BAE900939DD0 /* CPTDefinitions.h */,
				5A629E031504BAE900939DD0 /* CPTExceptions.h */,
				5A629E041504BAE900939DD0 /* CPTFill.h */,
				5A629E051504BAE900939DD0 /* CPTGradient.h */,
				5A629E061504BAE900939DD0 /* CPTGraph.h */,
				5A629E071504BAE900939DD0 /* CPTGraphHostingView.h */,
				5A629E081504BAE900939DD0 /* CPTGridLineGroup.h */,
				5A629E091504BAE900939DD0 /* CPTGridLines.h */,
				5A629E0A1504BAE900939DD0 /* CPTImage.h */,
				5A629E0B1504BAE900939DD0 /* CPTLayer.h */,
				5A629E0C1504BAE900939DD0 /* CPTLayerAnnotation.h */,
				5A629E0D1504BAE900939DD0 /* CPTLegend.h */,
				5A629E0E1504BAE900939DD0 /* CPTLegendEntry.h */,
				5A629E0F1504BAE900939DD0 /* CPTLimitBand.h */,
				5A629E101504BAE900939DD0 /* CPTLineCap.h */,
				5A629E111504BAE900939DD0 /* CPTLineStyle.h */,
				5A629E121504BAE900939DD0 /* CPTMutableLineStyle.h */,
				5A629E131504BAE900939DD0 /* CPTMutableNumericData+TypeConversion.h */,
				5A629E141504BAE900939DD0 /* CPTMutableNumericData.h */,
				5A629E151504BAE900939DD0 /* CPTMutablePlotRange.h */,
				5A629E161504BAE900939DD0 /* CPTMutableShadow.h */,
				5A629E171504BAE900939DD0 /* CPTMutableTextStyle.h */,
				5A629E181504BAE900939DD0 /* CPTNumericData+TypeConversion.h */,
				5A629E191504BAE900939DD0 /* CPTNumericData.h */,
				5A629E1A1504BAE900939DD0 /* CPTNumericDataType.h */,
				5A629E1B1504BAE900939DD0 /* CPTPathExtensions.h */,
				5A629E1C1504BAE900939DD0 /* CPTPieChart.h */,
				5A629E1D1504BAE900939DD0 /* CPTPlatformSpecificCategories.h */,
				5A629E1E1504BAE900939DD0 /* CPTPlatformSpecificDefines.h */,
				5A629E1F1504BAE900939DD0 /* CPTPlatformSpecificFunctions.h */,
				5A629E201504BAE900939DD0 /* CPTPlot.h */,
				5A629E211504BAE900939DD0 /* CPTPlotArea.h */,
				5A629E221504BAE900939DD0 /* CPTPlotAreaFrame.h */,
				5A629E231504BAE900939DD0 /* CPTPlotGroup.h */,
				5A629E241504BAE900939DD0 /* CPTPlotRange.h */,
				5A629E251504BAE900939DD0 /* CPTPlotSpace.h */,
				5A629E261504BAE900939DD0 /* CPTPlotSpaceAnnotation.h */,
				5A629E271504BAE900939DD0 /* CPTPlotSymbol.h */,
				5A629E281504BAE900939DD0 /* CPTRangePlot.h */,
				5A629E291504BAE900939DD0 /* CPTResponder.h */,
				5A629E2A1504BAE900939DD0 /* CPTScatterPlot.h */,
				5A629E2B1504BAE900939DD0 /* CPTShadow.h */,
				5A629E2C1504BAE900939DD0 /* CPTTextLayer.h */,
				5A629E2D1504BAE900939DD0 /* CPTTextStyle.h */,
				5A629E2E1504BAE900939DD0 /* CPTTheme.h */,
				5A629E2F1504BAE900939DD0 /* CPTTimeFormatter.h */,
				5A629E301504BAE900939DD0 /* CPTTradingRangePlot.h */,
				5A629E311504BAE900939DD0 /* CPTUtilities.h */,
				5A629E321504BAE900939DD0 /* CPTXYAxis.h */,
				5A629E331504BAE900939DD0 /* CPTXYAxisSet.h */,
				5A629E341504BAE900939DD0 /* CPTXYGraph.h */,
				5A629E351504BAE900939DD0 /* CPTXYPlotSpace.h */,
				5A629E361504BAE900939DD0 /* NSCoderExtensions.h */,
				5A629E371504BAE900939DD0 /* NSDecimalNumberExtensions.h */,
				5A629E381504BAE900939DD0 /* NSNumberExtensions.h */,
			);
			name = CorePlotHeaders;
			path = CorePlot/CorePlotHeaders;
			sourceTree = "<group>";
		};
		5A7E1D1D14FE1D2700B93367 /* View Controllers */ = {
			isa = PBXGroup;
			children = (
				5A0F6AE014FBD48B00D45EA4 /* MasterViewController.h */,
				5A0F6AE114FBD48B00D45EA4 /* MasterViewController.m */,
				5A0F6AE314FBD48B00D45EA4 /* DetailViewController.h */,
				5A0F6AE414FBD48B00D45EA4 /* DetailViewController.m */,
				5A86032E14FBF16300BD64E1 /* EditPatientViewController.h */,
				5A86032F14FBF16300BD64E1 /* EditPatientViewController.m */,
				5A7E1D1E14FE1D7A00B93367 /* ExaminationViewController.h */,
				5A7E1D1F14FE1D7A00B93367 /* ExaminationViewController.m */,
				5A7E1DAC14FE59D500B93367 /* EditExaminationViewController.h */,
				5A7E1DAD14FE59D500B93367 /* EditExaminationViewController.m */,
				5A7E1DF114FFB39D00B93367 /* IntroViewController.h */,
				5A7E1DF214FFB39D00B93367 /* IntroViewController.m */,
				5AFF0A4815051D7D001B3615 /* WHOPlotViewController.h */,
				5AFF0A4915051D7D001B3615 /* WHOPlotViewController.m */,
				5AA21B2A150A0069007ED3A1 /* SonoImageViewController.h */,
				5AA21B2B150A0069007ED3A1 /* SonoImageViewController.m */,
				5AA21B2D150A12AD007ED3A1 /* SingleSonoImageViewController.h */,
				5AA21B2E150A12AD007ED3A1 /* SingleSonoImageViewController.m */,
			);
			name = "View Controllers";
			sourceTree = "<group>";
		};
/* End PBXGroup section */

/* Begin PBXNativeTarget section */
		5A0F6AC114FBD48A00D45EA4 /* Sono */ = {
			isa = PBXNativeTarget;
			buildConfigurationList = 5A0F6AE814FBD48B00D45EA4 /* Build configuration list for PBXNativeTarget "Sono" */;
			buildPhases = (
				5A0F6ABE14FBD48A00D45EA4 /* Sources */,
				5A0F6ABF14FBD48A00D45EA4 /* Frameworks */,
				5A0F6AC014FBD48A00D45EA4 /* Resources */,
				5A7E1DDD14FF732800B93367 /* ShellScript */,
			);
			buildRules = (
			);
			dependencies = (
			);
			name = Sono;
			productName = Sono;
			productReference = 5A0F6AC214FBD48A00D45EA4 /* Sono.app */;
			productType = "com.apple.product-type.application";
		};
		5A629D8D1500E0B400939DD0 /* SonoTests */ = {
			isa = PBXNativeTarget;
			buildConfigurationList = 5A629D9F1500E0B400939DD0 /* Build configuration list for PBXNativeTarget "SonoTests" */;
			buildPhases = (
				5A629D891500E0B400939DD0 /* Sources */,
				5A629D8A1500E0B400939DD0 /* Frameworks */,
				5A629D8B1500E0B400939DD0 /* Resources */,
				5A629D8C1500E0B400939DD0 /* ShellScript */,
			);
			buildRules = (
			);
			dependencies = (
			);
			name = SonoTests;
			productName = SonoTests;
			productReference = 5A629D8E1500E0B400939DD0 /* SonoTests.octest */;
			productType = "com.apple.product-type.bundle";
		};
/* End PBXNativeTarget section */

/* Begin PBXProject section */
		5A0F6AB914FBD48A00D45EA4 /* Project object */ = {
			isa = PBXProject;
			attributes = {
				LastUpgradeCheck = 0430;
				ORGANIZATIONNAME = "abstracture GmbH & Co. KG";
			};
			buildConfigurationList = 5A0F6ABC14FBD48A00D45EA4 /* Build configuration list for PBXProject "Sono" */;
			compatibilityVersion = "Xcode 3.2";
			developmentRegion = English;
			hasScannedForEncodings = 0;
			knownRegions = (
				en,
			);
			mainGroup = 5A0F6AB714FBD48A00D45EA4;
			productRefGroup = 5A0F6AC314FBD48A00D45EA4 /* Products */;
			projectDirPath = "";
			projectRoot = "";
			targets = (
				5A0F6AC114FBD48A00D45EA4 /* Sono */,
				5A629D8D1500E0B400939DD0 /* SonoTests */,
			);
		};
/* End PBXProject section */

/* Begin PBXResourcesBuildPhase section */
		5A0F6AC014FBD48A00D45EA4 /* Resources */ = {
			isa = PBXResourcesBuildPhase;
			buildActionMask = 2147483647;
			files = (
				5A0F6AD314FBD48B00D45EA4 /* InfoPlist.strings in Resources */,
				5A0F6ADC14FBD48B00D45EA4 /* MainStoryboard.storyboard in Resources */,
				5A7E1D2814FE2D9600B93367 /* DatePopupController.xib in Resources */,
				5A7E1DEB14FFAB4300B93367 /* dropdown_button_pressed-150.png in Resources */,
				5A7E1DEC14FFAB4300B93367 /* dropdown_button-150.png in Resources */,
				5A7E1DEF14FFAE0900B93367 /* dropdown_button_pressed-250.png in Resources */,
				5A7E1DF014FFAE0900B93367 /* dropdown_button-250.png in Resources */,
				5A7E1DF51500CB5E00B93367 /* app_icon-72.png in Resources */,
				5A629DAA1500EDC300939DD0 /* lhfa_boys_p_exp.txt in Resources */,
				5A629DAC1500EDC300939DD0 /* lhfa_girls_p_exp.txt in Resources */,
				5A629DAE1500EDC300939DD0 /* wfa_boys_p_exp.txt in Resources */,
				5A629DB01500EDC300939DD0 /* wfa_girls_p_exp.txt in Resources */,
				5AA21B191509FF5B007ED3A1 /* Image-15.jpeg in Resources */,
				5AA21B1A1509FF5B007ED3A1 /* Image-14.jpeg in Resources */,
				5AA21B1B1509FF5B007ED3A1 /* Image-13.jpeg in Resources */,
				5AA21B1C1509FF5B007ED3A1 /* Image-12.jpeg in Resources */,
				5AA21B1D1509FF5B007ED3A1 /* Image-11.jpeg in Resources */,
				5AA21B1E1509FF5B007ED3A1 /* Image-10.jpeg in Resources */,
				5AA21B1F1509FF5B007ED3A1 /* Image-9.jpeg in Resources */,
				5AA21B201509FF5B007ED3A1 /* Image-8.jpeg in Resources */,
				5AA21B211509FF5B007ED3A1 /* Image-7.jpeg in Resources */,
				5AA21B221509FF5B007ED3A1 /* Image-6.jpeg in Resources */,
				5AA21B231509FF5B007ED3A1 /* Image-5.jpeg in Resources */,
				5AA21B241509FF5B007ED3A1 /* Image-4.jpeg in Resources */,
				5AA21B251509FF5B007ED3A1 /* Image-3.jpeg in Resources */,
				5AA21B261509FF5B007ED3A1 /* Image-2.jpeg in Resources */,
				5AA21B271509FF5B007ED3A1 /* Image-1.jpeg in Resources */,
				5AA21B281509FF5B007ED3A1 /* Image-0.jpeg in Resources */,
			);
			runOnlyForDeploymentPostprocessing = 0;
		};
		5A629D8B1500E0B400939DD0 /* Resources */ = {
			isa = PBXResourcesBuildPhase;
			buildActionMask = 2147483647;
			files = (
				5A629D981500E0B400939DD0 /* InfoPlist.strings in Resources */,
				5A629DAB1500EDC300939DD0 /* lhfa_boys_p_exp.txt in Resources */,
				5A629DAD1500EDC300939DD0 /* lhfa_girls_p_exp.txt in Resources */,
				5A629DAF1500EDC300939DD0 /* wfa_boys_p_exp.txt in Resources */,
				5A629DB11500EDC300939DD0 /* wfa_girls_p_exp.txt in Resources */,
			);
			runOnlyForDeploymentPostprocessing = 0;
		};
/* End PBXResourcesBuildPhase section */

/* Begin PBXShellScriptBuildPhase section */
		5A629D8C1500E0B400939DD0 /* ShellScript */ = {
			isa = PBXShellScriptBuildPhase;
			buildActionMask = 2147483647;
			files = (
			);
			inputPaths = (
			);
			outputPaths = (
			);
			runOnlyForDeploymentPostprocessing = 0;
			shellPath = /bin/sh;
			shellScript = "# Run the unit tests in this test bundle.\n\"${SYSTEM_DEVELOPER_DIR}/Tools/RunUnitTests\"\n";
		};
		5A7E1DDD14FF732800B93367 /* ShellScript */ = {
			isa = PBXShellScriptBuildPhase;
			buildActionMask = 2147483647;
			files = (
			);
			inputPaths = (
			);
			outputPaths = (
			);
			runOnlyForDeploymentPostprocessing = 0;
			shellPath = /bin/sh;
			shellScript = "git status\nversion=$(git describe --tags --dirty)\n\n# version can be empty when there are no tags, use rev-parse in that case\n# to log the last commit id\nif [[ -z \"$version\" ]]; then\ndiff=$(git diff)\nversion=$(git rev-parse --short HEAD)\n\nif [[ -n \"$diff\" ]]; then\nversion=${version}-dirty\nfi\nfi\n\necho version: $version\n\ninfo_plist=$BUILT_PRODUCTS_DIR/$PRODUCT_NAME.app/Info.plist\n/usr/libexec/PlistBuddy -c \"Set :CFBundleVersion $version\" $info_plist";
		};
/* End PBXShellScriptBuildPhase section */

/* Begin PBXSourcesBuildPhase section */
		5A0F6ABE14FBD48A00D45EA4 /* Sources */ = {
			isa = PBXSourcesBuildPhase;
			buildActionMask = 2147483647;
			files = (
				5A0F6AD514FBD48B00D45EA4 /* main.m in Sources */,
				5A0F6AD914FBD48B00D45EA4 /* AppDelegate.m in Sources */,
				5A0F6ADF14FBD48B00D45EA4 /* Sono.xcdatamodeld in Sources */,
				5A0F6AE214FBD48B00D45EA4 /* MasterViewController.m in Sources */,
				5A0F6AE514FBD48B00D45EA4 /* DetailViewController.m in Sources */,
				5A86033014FBF16300BD64E1 /* EditPatientViewController.m in Sources */,
				5A389F4A14FCBBBA001F7C04 /* RoundedView.m in Sources */,
				5A389F5614FCCE26001F7C04 /* DropdownButton.m in Sources */,
				5A389F5A14FCDE15001F7C04 /* Constants.m in Sources */,
				5A7E1D0314FCF40C00B93367 /* DataStore.m in Sources */,
				5A7E1D1314FD217500B93367 /* Patient+Additions.m in Sources */,
				5A7E1D1C14FD23B100B93367 /* Patient.m in Sources */,
				5A7E1D2014FE1D7A00B93367 /* ExaminationViewController.m in Sources */,
				5A7E1D2914FE2D9600B93367 /* DatePopupController.m in Sources */,
				5A7E1D2C14FE310B00B93367 /* DateDropDown.m in Sources */,
				5A7E1D5B14FE47B100B93367 /* Utils.m in Sources */,
				5A7E1DAE14FE59D500B93367 /* EditExaminationViewController.m in Sources */,
				5A7E1DB114FE5FE300B93367 /* Examination+Additions.m in Sources */,
				5A7E1DB414FE65F700B93367 /* Examination.m in Sources */,
				5A7E1DF314FFB39D00B93367 /* IntroViewController.m in Sources */,
				5A629DA41500E74300939DD0 /* CSVParser.m in Sources */,
				5AFF0A4A15051D7D001B3615 /* WHOPlotViewController.m in Sources */,
				5AA21B2C150A0069007ED3A1 /* SonoImageViewController.m in Sources */,
				5AA21B2F150A12AD007ED3A1 /* SingleSonoImageViewController.m in Sources */,
			);
			runOnlyForDeploymentPostprocessing = 0;
		};
		5A629D891500E0B400939DD0 /* Sources */ = {
			isa = PBXSourcesBuildPhase;
			buildActionMask = 2147483647;
			files = (
				5A629D9B1500E0B400939DD0 /* SonoTests.m in Sources */,
				5A629DA51500E75800939DD0 /* CSVParser.m in Sources */,
				5AF8DBA4150743220036D62B /* Constants.m in Sources */,
			);
			runOnlyForDeploymentPostprocessing = 0;
		};
/* End PBXSourcesBuildPhase section */

/* Begin PBXVariantGroup section */
		5A0F6AD114FBD48B00D45EA4 /* InfoPlist.strings */ = {
			isa = PBXVariantGroup;
			children = (
				5A0F6AD214FBD48B00D45EA4 /* en */,
			);
			name = InfoPlist.strings;
			sourceTree = "<group>";
		};
		5A0F6ADA14FBD48B00D45EA4 /* MainStoryboard.storyboard */ = {
			isa = PBXVariantGroup;
			children = (
				5A0F6ADB14FBD48B00D45EA4 /* en */,
			);
			name = MainStoryboard.storyboard;
			sourceTree = "<group>";
		};
		5A629D961500E0B400939DD0 /* InfoPlist.strings */ = {
			isa = PBXVariantGroup;
			children = (
				5A629D971500E0B400939DD0 /* en */,
			);
			name = InfoPlist.strings;
			sourceTree = "<group>";
		};
/* End PBXVariantGroup section */

/* Begin XCBuildConfiguration section */
		5A0F6AE614FBD48B00D45EA4 /* Debug */ = {
			isa = XCBuildConfiguration;
			buildSettings = {
				ALWAYS_SEARCH_USER_PATHS = NO;
				ARCHS = "$(ARCHS_STANDARD_32_BIT)";
				CLANG_ENABLE_OBJC_ARC = YES;
				"CODE_SIGN_IDENTITY[sdk=iphoneos*]" = "iPhone Developer";
				COPY_PHASE_STRIP = NO;
				GCC_C_LANGUAGE_STANDARD = gnu99;
				GCC_DYNAMIC_NO_PIC = NO;
				GCC_OPTIMIZATION_LEVEL = 0;
				GCC_PREPROCESSOR_DEFINITIONS = (
					"DEBUG=1",
					"$(inherited)",
				);
				GCC_SYMBOLS_PRIVATE_EXTERN = NO;
				GCC_VERSION = com.apple.compilers.llvm.clang.1_0;
				GCC_WARN_ABOUT_RETURN_TYPE = YES;
				GCC_WARN_UNINITIALIZED_AUTOS = YES;
				GCC_WARN_UNUSED_VARIABLE = YES;
				IPHONEOS_DEPLOYMENT_TARGET = 5.0;
				SDKROOT = iphoneos;
				TARGETED_DEVICE_FAMILY = 2;
			};
			name = Debug;
		};
		5A0F6AE714FBD48B00D45EA4 /* Release */ = {
			isa = XCBuildConfiguration;
			buildSettings = {
				ALWAYS_SEARCH_USER_PATHS = NO;
				ARCHS = "$(ARCHS_STANDARD_32_BIT)";
				CLANG_ENABLE_OBJC_ARC = YES;
				"CODE_SIGN_IDENTITY[sdk=iphoneos*]" = "iPhone Developer";
				COPY_PHASE_STRIP = YES;
				GCC_C_LANGUAGE_STANDARD = gnu99;
				GCC_VERSION = com.apple.compilers.llvm.clang.1_0;
				GCC_WARN_ABOUT_RETURN_TYPE = YES;
				GCC_WARN_UNINITIALIZED_AUTOS = YES;
				GCC_WARN_UNUSED_VARIABLE = YES;
				IPHONEOS_DEPLOYMENT_TARGET = 5.0;
				OTHER_CFLAGS = "-DNS_BLOCK_ASSERTIONS=1";
				SDKROOT = iphoneos;
				TARGETED_DEVICE_FAMILY = 2;
				VALIDATE_PRODUCT = YES;
			};
			name = Release;
		};
		5A0F6AE914FBD48B00D45EA4 /* Debug */ = {
			isa = XCBuildConfiguration;
			buildSettings = {
				GCC_PRECOMPILE_PREFIX_HEADER = YES;
				GCC_PREFIX_HEADER = "Sono/Sono-Prefix.pch";
				INFOPLIST_FILE = "Sono/Sono-Info.plist";
				LIBRARY_SEARCH_PATHS = (
					"$(inherited)",
					"\"$(SRCROOT)/Vendor/CorePlot\"",
				);
				OTHER_LDFLAGS = "-ObjC";
				PRODUCT_NAME = "$(TARGET_NAME)";
				WRAPPER_EXTENSION = app;
			};
			name = Debug;
		};
		5A0F6AEA14FBD48B00D45EA4 /* Release */ = {
			isa = XCBuildConfiguration;
			buildSettings = {
				GCC_PRECOMPILE_PREFIX_HEADER = YES;
				GCC_PREFIX_HEADER = "Sono/Sono-Prefix.pch";
				INFOPLIST_FILE = "Sono/Sono-Info.plist";
				LIBRARY_SEARCH_PATHS = (
					"$(inherited)",
					"\"$(SRCROOT)/Vendor/CorePlot\"",
				);
				OTHER_LDFLAGS = "-ObjC";
				PRODUCT_NAME = "$(TARGET_NAME)";
				WRAPPER_EXTENSION = app;
			};
			name = Release;
		};
		5A629D9D1500E0B400939DD0 /* Debug */ = {
			isa = XCBuildConfiguration;
			buildSettings = {
				FRAMEWORK_SEARCH_PATHS = (
					"$(SDKROOT)/Developer/Library/Frameworks",
					"$(DEVELOPER_LIBRARY_DIR)/Frameworks",
				);
				GCC_PRECOMPILE_PREFIX_HEADER = YES;
				GCC_PREFIX_HEADER = "SonoTests/SonoTests-Prefix.pch";
				INFOPLIST_FILE = "SonoTests/SonoTests-Info.plist";
				PRODUCT_NAME = "$(TARGET_NAME)";
				WRAPPER_EXTENSION = octest;
			};
			name = Debug;
		};
		5A629D9E1500E0B400939DD0 /* Release */ = {
			isa = XCBuildConfiguration;
			buildSettings = {
				FRAMEWORK_SEARCH_PATHS = (
					"$(SDKROOT)/Developer/Library/Frameworks",
					"$(DEVELOPER_LIBRARY_DIR)/Frameworks",
				);
				GCC_PRECOMPILE_PREFIX_HEADER = YES;
				GCC_PREFIX_HEADER = "SonoTests/SonoTests-Prefix.pch";
				INFOPLIST_FILE = "SonoTests/SonoTests-Info.plist";
				PRODUCT_NAME = "$(TARGET_NAME)";
				WRAPPER_EXTENSION = octest;
			};
			name = Release;
		};
/* End XCBuildConfiguration section */

/* Begin XCConfigurationList section */
		5A0F6ABC14FBD48A00D45EA4 /* Build configuration list for PBXProject "Sono" */ = {
			isa = XCConfigurationList;
			buildConfigurations = (
				5A0F6AE614FBD48B00D45EA4 /* Debug */,
				5A0F6AE714FBD48B00D45EA4 /* Release */,
			);
			defaultConfigurationIsVisible = 0;
			defaultConfigurationName = Release;
		};
		5A0F6AE814FBD48B00D45EA4 /* Build configuration list for PBXNativeTarget "Sono" */ = {
			isa = XCConfigurationList;
			buildConfigurations = (
				5A0F6AE914FBD48B00D45EA4 /* Debug */,
				5A0F6AEA14FBD48B00D45EA4 /* Release */,
			);
			defaultConfigurationIsVisible = 0;
			defaultConfigurationName = Release;
		};
		5A629D9F1500E0B400939DD0 /* Build configuration list for PBXNativeTarget "SonoTests" */ = {
			isa = XCConfigurationList;
			buildConfigurations = (
				5A629D9D1500E0B400939DD0 /* Debug */,
				5A629D9E1500E0B400939DD0 /* Release */,
			);
			defaultConfigurationIsVisible = 0;
			defaultConfigurationName = Release;
		};
/* End XCConfigurationList section */

/* Begin XCVersionGroup section */
		5A0F6ADD14FBD48B00D45EA4 /* Sono.xcdatamodeld */ = {
			isa = XCVersionGroup;
			children = (
				5A0F6ADE14FBD48B00D45EA4 /* Sono.xcdatamodel */,
			);
			currentVersion = 5A0F6ADE14FBD48B00D45EA4 /* Sono.xcdatamodel */;
			path = Sono.xcdatamodeld;
			sourceTree = "<group>";
			versionGroupType = wrapper.xcdatamodel;
		};
/* End XCVersionGroup section */
	};
	rootObject = 5A0F6AB914FBD48A00D45EA4 /* Project object */;
}
